Microsoft Visual Studio Solution File, Format Version 12.00
# Visual Studio Version 17
VisualStudioVersion = 17.5.2.0
MinimumVisualStudioVersion = 10.0.40219.1
Project("{FAE04EC0-301F-11D3-BF4B-00C04F79EFBC}") = "GroomingWeb", "GroomingWeb\GroomingWeb.csproj", "{77F89193-616D-1B2C-7C11-6BA06BC78EF4}"
EndProject
Global
	GlobalSection(SolutionConfigurationPlatforms) = preSolution
		Debug|Any CPU = Debug|Any CPU
		Release|Any CPU = Release|Any CPU
	EndGlobalSection
	GlobalSection(ProjectConfigurationPlatforms) = postSolution
		{77F89193-616D-1B2C-7C11-6BA06BC78EF4}.Debug|Any CPU.ActiveCfg = Debug|Any CPU
		{77F89193-616D-1B2C-7C11-6BA06BC78EF4}.Debug|Any CPU.Build.0 = Debug|Any CPU
		{77F89193-616D-1B2C-7C11-6BA06BC78EF4}.Release|Any CPU.ActiveCfg = Release|Any CPU
		{77F89193-616D-1B2C-7C11-6BA06BC78EF4}.Release|Any CPU.Build.0 = Release|Any CPU
	EndGlobalSection
	GlobalSection(SolutionProperties) = preSolution
		HideSolutionNode = FALSE
	EndGlobalSection
	GlobalSection(ExtensibilityGlobals) = postSolution
		SolutionGuid = {08A6CBA7-156D-4E61-B74C-58688DAD8741}
	EndGlobalSection
EndGlobal
